
Microsoft Visual Studio Solution File, Format Version 12.00
# Visual Studio Version 17
VisualStudioVersion = 17.4.33213.308
MinimumVisualStudioVersion = 10.0.40219.1
Project("{8BC9CEB8-8B4A-11D0-8D11-00A0C91BC942}") = "KX-Trainer-Free", "KX-Trainer-Free\KX-Trainer-Free.vcxproj", "{8AD3AA0A-56D4-447B-9879-29C359DBF2C9}"
EndProject
Global
	GlobalSection(SolutionConfigurationPlatforms) = preSolution
		Debug|x64 = Debug|x64
		Release|x64 = Release|x64
	EndGlobalSection
	GlobalSection(ProjectConfigurationPlatforms) = postSolution
		{8AD3AA0A-56D4-447B-9879-29C359DBF2C9}.Debug|x64.ActiveCfg = Debug|x64
		{8AD3AA0A-56D4-447B-9879-29C359DBF2C9}.Debug|x64.Build.0 = Debug|x64
		{8AD3AA0A-56D4-447B-9879-29C359DBF2C9}.Release|x64.ActiveCfg = Release|x64
		{8AD3AA0A-56D4-447B-9879-29C359DBF2C9}.Release|x64.Build.0 = Release|x64
	EndGlobalSection
	GlobalSection(SolutionProperties) = preSolution
		HideSolutionNode = FALSE
	EndGlobalSection
	GlobalSection(ExtensibilityGlobals) = postSolution
		SolutionGuid = {CDAE68F9-B65C-4395-8E65-B70C46DBA72D}
	EndGlobalSection
EndGlobal
